
Microsoft Visual Studio Solution File, Format Version 12.00
# Visual Studio Version 17
VisualStudioVersion = 17.3.32825.248
MinimumVisualStudioVersion = 10.0.40219.1
Project("{9A19103F-16F7-4668-BE54-9A1E7A4F7556}") = "Presentation", "WebApi\Presentation.csproj", "{866EF569-2908-4789-AF9E-CABDCEED38DE}"
EndProject
Project("{9A19103F-16F7-4668-BE54-9A1E7A4F7556}") = "TestingXUnit", "TestingXUnit\TestingXUnit.csproj", "{A53D388A-B57A-4A68-800B-B299C85C1AC1}"
EndProject
Project("{2150E333-8FDC-42A3-9474-1A3956D46DE8}") = "Solution Items", "Solution Items", "{7E69A833-1B56-4D53-B230-3388B775CDC6}"
	ProjectSection(SolutionItems) = preProject
		.editorconfig = .editorconfig
		MigrationsCommand.txt = MigrationsCommand.txt
	EndProjectSection
EndProject
Project("{9A19103F-16F7-4668-BE54-9A1E7A4F7556}") = "Domain", "Domain\Domain.csproj", "{BC9C0359-2EC3-442E-97BF-CACAA55809E9}"
EndProject
Project("{9A19103F-16F7-4668-BE54-9A1E7A4F7556}") = "Application", "Application\Application.csproj", "{83C4E307-24C2-448D-B7E9-5D1A6BB1502E}"
EndProject
Project("{9A19103F-16F7-4668-BE54-9A1E7A4F7556}") = "Infrastructure", "Infrastructure\Infrastructure.csproj", "{4E0A81E7-8F74-4375-89D1-75DC8C676284}"
EndProject
Global
	GlobalSection(SolutionConfigurationPlatforms) = preSolution
		Debug|Any CPU = Debug|Any CPU
		Release|Any CPU = Release|Any CPU
	EndGlobalSection
	GlobalSection(ProjectConfigurationPlatforms) = postSolution
		{866EF569-2908-4789-AF9E-CABDCEED38DE}.Debug|Any CPU.ActiveCfg = Debug|Any CPU
		{866EF569-2908-4789-AF9E-CABDCEED38DE}.Debug|Any CPU.Build.0 = Debug|Any CPU
		{866EF569-2908-4789-AF9E-CABDCEED38DE}.Release|Any CPU.ActiveCfg = Release|Any CPU
		{866EF569-2908-4789-AF9E-CABDCEED38DE}.Release|Any CPU.Build.0 = Release|Any CPU
		{A53D388A-B57A-4A68-800B-B299C85C1AC1}.Debug|Any CPU.ActiveCfg = Debug|Any CPU
		{A53D388A-B57A-4A68-800B-B299C85C1AC1}.Debug|Any CPU.Build.0 = Debug|Any CPU
		{A53D388A-B57A-4A68-800B-B299C85C1AC1}.Release|Any CPU.ActiveCfg = Release|Any CPU
		{A53D388A-B57A-4A68-800B-B299C85C1AC1}.Release|Any CPU.Build.0 = Release|Any CPU
		{BC9C0359-2EC3-442E-97BF-CACAA55809E9}.Debug|Any CPU.ActiveCfg = Debug|Any CPU
		{BC9C0359-2EC3-442E-97BF-CACAA55809E9}.Debug|Any CPU.Build.0 = Debug|Any CPU
		{BC9C0359-2EC3-442E-97BF-CACAA55809E9}.Release|Any CPU.ActiveCfg = Release|Any CPU
		{BC9C0359-2EC3-442E-97BF-CACAA55809E9}.Release|Any CPU.Build.0 = Release|Any CPU
		{83C4E307-24C2-448D-B7E9-5D1A6BB1502E}.Debug|Any CPU.ActiveCfg = Debug|Any CPU
		{83C4E307-24C2-448D-B7E9-5D1A6BB1502E}.Debug|Any CPU.Build.0 = Debug|Any CPU
		{83C4E307-24C2-448D-B7E9-5D1A6BB1502E}.Release|Any CPU.ActiveCfg = Release|Any CPU
		{83C4E307-24C2-448D-B7E9-5D1A6BB1502E}.Release|Any CPU.Build.0 = Release|Any CPU
		{4E0A81E7-8F74-4375-89D1-75DC8C676284}.Debug|Any CPU.ActiveCfg = Debug|Any CPU
		{4E0A81E7-8F74-4375-89D1-75DC8C676284}.Debug|Any CPU.Build.0 = Debug|Any CPU
		{4E0A81E7-8F74-4375-89D1-75DC8C676284}.Release|Any CPU.ActiveCfg = Release|Any CPU
		{4E0A81E7-8F74-4375-89D1-75DC8C676284}.Release|Any CPU.Build.0 = Release|Any CPU
	EndGlobalSection
	GlobalSection(SolutionProperties) = preSolution
		HideSolutionNode = FALSE
	EndGlobalSection
	GlobalSection(ExtensibilityGlobals) = postSolution
		SolutionGuid = {B044FE9C-C8E3-407D-9E96-B896106DE749}
	EndGlobalSection
EndGlobal
